// !$*UTF8*$!
{
	archiveVersion = 1;
	classes = {
	};
	objectVersion = 45;
	objects = {

/* Begin PBXBuildFile section */
		8D5B49B4048680CD000E48DA /* Cocoa.framework in Frameworks */ = {isa = PBXBuildFile; fileRef = 1058C7ADFEA557BF11CA2CBB /* Cocoa.framework */; };
		B20A18D912F9A21C0050FD80 /* Appscript.framework in Frameworks */ = {isa = PBXBuildFile; fileRef = B20A18D412F9A2000050FD80 /* Appscript.framework */; };
		B20A18DE12F9A23C0050FD80 /* Appscript.framework in CopyFiles */ = {isa = PBXBuildFile; fileRef = B20A18D412F9A2000050FD80 /* Appscript.framework */; };
		B20A18FC12F9A5610050FD80 /* Appscript.framework in Frameworks */ = {isa = PBXBuildFile; fileRef = B20A18FB12F9A5610050FD80 /* Appscript.framework */; };
		B20A1A7D12F9D1730050FD80 /* FinderOpenWithAppPatch.m in Sources */ = {isa = PBXBuildFile; fileRef = B20A1A7C12F9D1730050FD80 /* FinderOpenWithAppPatch.m */; };
		B264891712FA96990075715C /* FinderRenamePatch.m in Sources */ = {isa = PBXBuildFile; fileRef = B264891612FA96990075715C /* FinderRenamePatch.m */; };
		B2648B4612FB22CC0075715C /* FinderPatchLoader.m in Sources */ = {isa = PBXBuildFile; fileRef = B2648B4512FB22CC0075715C /* FinderPatchLoader.m */; };
		B2648BC912FB318B0075715C /* FinderRemoveEmptyDirsPatch.m in Sources */ = {isa = PBXBuildFile; fileRef = B2648BC812FB318B0075715C /* FinderRemoveEmptyDirsPatch.m */; };
		B2648C3612FB4D210075715C /* FinderLinkPatch.m in Sources */ = {isa = PBXBuildFile; fileRef = B2648C3512FB4D210075715C /* FinderLinkPatch.m */; };
		B2FE5FD212ED784400D1B68F /* FinderPatch.m in Sources */ = {isa = PBXBuildFile; fileRef = B2FE5FD112ED784400D1B68F /* FinderPatch.m */; };
		B2FE5FF412ED78E500D1B68F /* NSArray+Additions.m in Sources */ = {isa = PBXBuildFile; fileRef = B2FE5FF312ED78E500D1B68F /* NSArray+Additions.m */; };
		B2FE601E12ED7A0D00D1B68F /* FinderLabelPatch.m in Sources */ = {isa = PBXBuildFile; fileRef = B2FE601D12ED7A0D00D1B68F /* FinderLabelPatch.m */; };
		B2FE616412ED86C800D1B68F /* FNApplicationGlue.m in Sources */ = {isa = PBXBuildFile; fileRef = B2FE615A12ED86C800D1B68F /* FNApplicationGlue.m */; };
		B2FE616512ED86C800D1B68F /* FNCommandGlue.m in Sources */ = {isa = PBXBuildFile; fileRef = B2FE615C12ED86C800D1B68F /* FNCommandGlue.m */; };
		B2FE616612ED86C800D1B68F /* FNConstantGlue.m in Sources */ = {isa = PBXBuildFile; fileRef = B2FE615E12ED86C800D1B68F /* FNConstantGlue.m */; };
		B2FE616712ED86C800D1B68F /* FNReferenceGlue.m in Sources */ = {isa = PBXBuildFile; fileRef = B2FE616112ED86C800D1B68F /* FNReferenceGlue.m */; };
		B2FE616812ED86C800D1B68F /* FNReferenceRendererGlue.m in Sources */ = {isa = PBXBuildFile; fileRef = B2FE616312ED86C800D1B68F /* FNReferenceRendererGlue.m */; };
		B2FE64F512ED8F3500D1B68F /* FinderTrashPatch.m in Sources */ = {isa = PBXBuildFile; fileRef = B2FE64F412ED8F3500D1B68F /* FinderTrashPatch.m */; };
		B2FE66EF12EEF49700D1B68F /* FinderTerminalPatch.m in Sources */ = {isa = PBXBuildFile; fileRef = B2FE66EE12EEF49700D1B68F /* FinderTerminalPatch.m */; };
		B2FE6A9A12EF696300D1B68F /* NSMenu+itemWithKeyEquivalent.m in Sources */ = {isa = PBXBuildFile; fileRef = B2FE6A9912EF696300D1B68F /* NSMenu+itemWithKeyEquivalent.m */; };
		B2FE6B5E12EF9E3C00D1B68F /* TRApplicationGlue.m in Sources */ = {isa = PBXBuildFile; fileRef = B2FE6B5412EF9E3C00D1B68F /* TRApplicationGlue.m */; };
		B2FE6B5F12EF9E3C00D1B68F /* TRCommandGlue.m in Sources */ = {isa = PBXBuildFile; fileRef = B2FE6B5612EF9E3C00D1B68F /* TRCommandGlue.m */; };
		B2FE6B6012EF9E3C00D1B68F /* TRConstantGlue.m in Sources */ = {isa = PBXBuildFile; fileRef = B2FE6B5812EF9E3C00D1B68F /* TRConstantGlue.m */; };
		B2FE6B6112EF9E3C00D1B68F /* TRReferenceGlue.m in Sources */ = {isa = PBXBuildFile; fileRef = B2FE6B5B12EF9E3C00D1B68F /* TRReferenceGlue.m */; };
		B2FE6B6212EF9E3C00D1B68F /* TRReferenceRendererGlue.m in Sources */ = {isa = PBXBuildFile; fileRef = B2FE6B5D12EF9E3C00D1B68F /* TRReferenceRendererGlue.m */; };
		B2FE6C2312F0390B00D1B68F /* FinderTextMatePatch.m in Sources */ = {isa = PBXBuildFile; fileRef = B2FE6C2212F0390B00D1B68F /* FinderTextMatePatch.m */; };
		B2FE6D2212F0B81100D1B68F /* FinderPatch.png in Copy Resources */ = {isa = PBXBuildFile; fileRef = B2FE6D2012F0B7F600D1B68F /* FinderPatch.png */; };
		B2FE6D6A12F0FB7200D1B68F /* NSTask+Simple.m in Sources */ = {isa = PBXBuildFile; fileRef = B2FE6D6912F0FB7200D1B68F /* NSTask+Simple.m */; };
/* End PBXBuildFile section */

/* Begin PBXContainerItemProxy section */
		B20A167012F875860050FD80 /* PBXContainerItemProxy */ = {
			isa = PBXContainerItemProxy;
			containerPortal = 089C1669FE841209C02AAC07 /* Project object */;
			proxyType = 1;
			remoteGlobalIDString = B20A166D12F8756D0050FD80;
			remoteInfo = "Increment build version";
		};
		B20A18D312F9A2000050FD80 /* PBXContainerItemProxy */ = {
			isa = PBXContainerItemProxy;
			containerPortal = B20A18CB12F9A2000050FD80 /* Appscript.xcodeproj */;
			proxyType = 2;
			remoteGlobalIDString = 8DC2EF5B0486A6940098B216;
			remoteInfo = Appscript;
		};
		B20A18D512F9A2000050FD80 /* PBXContainerItemProxy */ = {
			isa = PBXContainerItemProxy;
			containerPortal = B20A18CB12F9A2000050FD80 /* Appscript.xcodeproj */;
			proxyType = 2;
			remoteGlobalIDString = 4FED70860D2E6B63003412D7;
			remoteInfo = "objc-appscript-test";
		};
		B20A18EF12F9A4250050FD80 /* PBXContainerItemProxy */ = {
			isa = PBXContainerItemProxy;
			containerPortal = B20A18CB12F9A2000050FD80 /* Appscript.xcodeproj */;
			proxyType = 1;
			remoteGlobalIDString = 8DC2EF4F0486A6940098B216;
			remoteInfo = Appscript;
		};
/* End PBXContainerItemProxy section */

/* Begin PBXCopyFilesBuildPhase section */
		B20A18E012F9A2530050FD80 /* CopyFiles */ = {
			isa = PBXCopyFilesBuildPhase;
			buildActionMask = 2147483647;
			dstPath = "";
			dstSubfolderSpec = 10;
			files = (
				B20A18DE12F9A23C0050FD80 /* Appscript.framework in CopyFiles */,
			);
			runOnlyForDeploymentPostprocessing = 0;
		};
		B2FE6D2312F0B82F00D1B68F /* Copy Resources */ = {
			isa = PBXCopyFilesBuildPhase;
			buildActionMask = 2147483647;
			dstPath = "";
			dstSubfolderSpec = 7;
			files = (
				B2FE6D2212F0B81100D1B68F /* FinderPatch.png in Copy Resources */,
			);
			name = "Copy Resources";
			runOnlyForDeploymentPostprocessing = 0;
		};
/* End PBXCopyFilesBuildPhase section */

/* Begin PBXFileReference section */
		089C1672FE841209C02AAC07 /* Foundation.framework */ = {isa = PBXFileReference; lastKnownFileType = wrapper.framework; name = Foundation.framework; path = /System/Library/Frameworks/Foundation.framework; sourceTree = "<absolute>"; };
		1058C7ADFEA557BF11CA2CBB /* Cocoa.framework */ = {isa = PBXFileReference; lastKnownFileType = wrapper.framework; name = Cocoa.framework; path = /System/Library/Frameworks/Cocoa.framework; sourceTree = "<absolute>"; };
		32DBCF630370AF2F00C91783 /* FinderPatch_Prefix.pch */ = {isa = PBXFileReference; fileEncoding = 4; lastKnownFileType = sourcecode.c.h; path = FinderPatch_Prefix.pch; sourceTree = "<group>"; };
		8D5B49B6048680CD000E48DA /* FinderPatch.bundle */ = {isa = PBXFileReference; explicitFileType = wrapper.cfbundle; includeInIndex = 0; path = FinderPatch.bundle; sourceTree = BUILT_PRODUCTS_DIR; };
		8D5B49B7048680CD000E48DA /* Info.plist */ = {isa = PBXFileReference; fileEncoding = 4; lastKnownFileType = text.plist.xml; path = Info.plist; sourceTree = "<group>"; };
		B20A18CB12F9A2000050FD80 /* Appscript.xcodeproj */ = {isa = PBXFileReference; lastKnownFileType = "wrapper.pb-project"; name = Appscript.xcodeproj; path = Appscript/Appscript.xcodeproj; sourceTree = "<group>"; };
		B20A18FB12F9A5610050FD80 /* Appscript.framework */ = {isa = PBXFileReference; lastKnownFileType = wrapper.framework; name = Appscript.framework; path = Appscript/build/Release_10.5_32_64_GC_embed/Appscript.framework; sourceTree = "<group>"; };
		B20A1A7B12F9D1730050FD80 /* FinderOpenWithAppPatch.h */ = {isa = PBXFileReference; fileEncoding = 4; lastKnownFileType = sourcecode.c.h; path = FinderOpenWithAppPatch.h; sourceTree = "<group>"; };
		B20A1A7C12F9D1730050FD80 /* FinderOpenWithAppPatch.m */ = {isa = PBXFileReference; fileEncoding = 4; lastKnownFileType = sourcecode.c.objc; path = FinderOpenWithAppPatch.m; sourceTree = "<group>"; };
		B264891512FA96990075715C /* FinderRenamePatch.h */ = {isa = PBXFileReference; fileEncoding = 4; lastKnownFileType = sourcecode.c.h; path = FinderRenamePatch.h; sourceTree = "<group>"; };
		B264891612FA96990075715C /* FinderRenamePatch.m */ = {isa = PBXFileReference; fileEncoding = 4; lastKnownFileType = sourcecode.c.objc; path = FinderRenamePatch.m; sourceTree = "<group>"; };
		B2648B4412FB22CC0075715C /* FinderPatchLoader.h */ = {isa = PBXFileReference; fileEncoding = 4; lastKnownFileType = sourcecode.c.h; path = FinderPatchLoader.h; sourceTree = "<group>"; };
		B2648B4512FB22CC0075715C /* FinderPatchLoader.m */ = {isa = PBXFileReference; fileEncoding = 4; lastKnownFileType = sourcecode.c.objc; path = FinderPatchLoader.m; sourceTree = "<group>"; };
		B2648BC712FB318B0075715C /* FinderRemoveEmptyDirsPatch.h */ = {isa = PBXFileReference; fileEncoding = 4; lastKnownFileType = sourcecode.c.h; path = FinderRemoveEmptyDirsPatch.h; sourceTree = "<group>"; };
		B2648BC812FB318B0075715C /* FinderRemoveEmptyDirsPatch.m */ = {isa = PBXFileReference; fileEncoding = 4; lastKnownFileType = sourcecode.c.objc; path = FinderRemoveEmptyDirsPatch.m; sourceTree = "<group>"; };
		B2648C3412FB4D210075715C /* FinderLinkPatch.h */ = {isa = PBXFileReference; fileEncoding = 4; lastKnownFileType = sourcecode.c.h; path = FinderLinkPatch.h; sourceTree = "<group>"; };
		B2648C3512FB4D210075715C /* FinderLinkPatch.m */ = {isa = PBXFileReference; fileEncoding = 4; lastKnownFileType = sourcecode.c.objc; path = FinderLinkPatch.m; sourceTree = "<group>"; };
		B2FE5FD012ED784400D1B68F /* FinderPatch.h */ = {isa = PBXFileReference; fileEncoding = 4; lastKnownFileType = sourcecode.c.h; path = FinderPatch.h; sourceTree = "<group>"; };
		B2FE5FD112ED784400D1B68F /* FinderPatch.m */ = {isa = PBXFileReference; fileEncoding = 4; lastKnownFileType = sourcecode.c.objc; path = FinderPatch.m; sourceTree = "<group>"; };
		B2FE5FF212ED78E500D1B68F /* NSArray+Additions.h */ = {isa = PBXFileReference; fileEncoding = 4; lastKnownFileType = sourcecode.c.h; path = "NSArray+Additions.h"; sourceTree = "<group>"; };
		B2FE5FF312ED78E500D1B68F /* NSArray+Additions.m */ = {isa = PBXFileReference; fileEncoding = 4; lastKnownFileType = sourcecode.c.objc; path = "NSArray+Additions.m"; sourceTree = "<group>"; };
		B2FE601C12ED7A0D00D1B68F /* FinderLabelPatch.h */ = {isa = PBXFileReference; fileEncoding = 4; lastKnownFileType = sourcecode.c.h; path = FinderLabelPatch.h; sourceTree = "<group>"; };
		B2FE601D12ED7A0D00D1B68F /* FinderLabelPatch.m */ = {isa = PBXFileReference; fileEncoding = 4; lastKnownFileType = sourcecode.c.objc; path = FinderLabelPatch.m; sourceTree = "<group>"; };
		B2FE615812ED86C800D1B68F /* FNAEMConstants.h */ = {isa = PBXFileReference; fileEncoding = 4; lastKnownFileType = sourcecode.c.h; path = FNAEMConstants.h; sourceTree = "<group>"; };
		B2FE615912ED86C800D1B68F /* FNApplicationGlue.h */ = {isa = PBXFileReference; fileEncoding = 4; lastKnownFileType = sourcecode.c.h; path = FNApplicationGlue.h; sourceTree = "<group>"; };
		B2FE615A12ED86C800D1B68F /* FNApplicationGlue.m */ = {isa = PBXFileReference; fileEncoding = 4; lastKnownFileType = sourcecode.c.objc; path = FNApplicationGlue.m; sourceTree = "<group>"; };
		B2FE615B12ED86C800D1B68F /* FNCommandGlue.h */ = {isa = PBXFileReference; fileEncoding = 4; lastKnownFileType = sourcecode.c.h; path = FNCommandGlue.h; sourceTree = "<group>"; };
		B2FE615C12ED86C800D1B68F /* FNCommandGlue.m */ = {isa = PBXFileReference; fileEncoding = 4; lastKnownFileType = sourcecode.c.objc; path = FNCommandGlue.m; sourceTree = "<group>"; };
		B2FE615D12ED86C800D1B68F /* FNConstantGlue.h */ = {isa = PBXFileReference; fileEncoding = 4; lastKnownFileType = sourcecode.c.h; path = FNConstantGlue.h; sourceTree = "<group>"; };
		B2FE615E12ED86C800D1B68F /* FNConstantGlue.m */ = {isa = PBXFileReference; fileEncoding = 4; lastKnownFileType = sourcecode.c.objc; path = FNConstantGlue.m; sourceTree = "<group>"; };
		B2FE615F12ED86C800D1B68F /* FNGlue.h */ = {isa = PBXFileReference; fileEncoding = 4; lastKnownFileType = sourcecode.c.h; path = FNGlue.h; sourceTree = "<group>"; };
		B2FE616012ED86C800D1B68F /* FNReferenceGlue.h */ = {isa = PBXFileReference; fileEncoding = 4; lastKnownFileType = sourcecode.c.h; path = FNReferenceGlue.h; sourceTree = "<group>"; };
		B2FE616112ED86C800D1B68F /* FNReferenceGlue.m */ = {isa = PBXFileReference; fileEncoding = 4; lastKnownFileType = sourcecode.c.objc; path = FNReferenceGlue.m; sourceTree = "<group>"; };
		B2FE616212ED86C800D1B68F /* FNReferenceRendererGlue.h */ = {isa = PBXFileReference; fileEncoding = 4; lastKnownFileType = sourcecode.c.h; path = FNReferenceRendererGlue.h; sourceTree = "<group>"; };
		B2FE616312ED86C800D1B68F /* FNReferenceRendererGlue.m */ = {isa = PBXFileReference; fileEncoding = 4; lastKnownFileType = sourcecode.c.objc; path = FNReferenceRendererGlue.m; sourceTree = "<group>"; };
		B2FE64F312ED8F3500D1B68F /* FinderTrashPatch.h */ = {isa = PBXFileReference; fileEncoding = 4; lastKnownFileType = sourcecode.c.h; path = FinderTrashPatch.h; sourceTree = "<group>"; };
		B2FE64F412ED8F3500D1B68F /* FinderTrashPatch.m */ = {isa = PBXFileReference; fileEncoding = 4; lastKnownFileType = sourcecode.c.objc; path = FinderTrashPatch.m; sourceTree = "<group>"; };
		B2FE66ED12EEF49700D1B68F /* FinderTerminalPatch.h */ = {isa = PBXFileReference; fileEncoding = 4; lastKnownFileType = sourcecode.c.h; path = FinderTerminalPatch.h; sourceTree = "<group>"; };
		B2FE66EE12EEF49700D1B68F /* FinderTerminalPatch.m */ = {isa = PBXFileReference; fileEncoding = 4; lastKnownFileType = sourcecode.c.objc; path = FinderTerminalPatch.m; sourceTree = "<group>"; };
		B2FE6A9812EF696300D1B68F /* NSMenu+itemWithKeyEquivalent.h */ = {isa = PBXFileReference; fileEncoding = 4; lastKnownFileType = sourcecode.c.h; path = "NSMenu+itemWithKeyEquivalent.h"; sourceTree = "<group>"; };
		B2FE6A9912EF696300D1B68F /* NSMenu+itemWithKeyEquivalent.m */ = {isa = PBXFileReference; fileEncoding = 4; lastKnownFileType = sourcecode.c.objc; path = "NSMenu+itemWithKeyEquivalent.m"; sourceTree = "<group>"; };
		B2FE6B5212EF9E3C00D1B68F /* TRAEMConstants.h */ = {isa = PBXFileReference; fileEncoding = 4; lastKnownFileType = sourcecode.c.h; path = TRAEMConstants.h; sourceTree = "<group>"; };
		B2FE6B5312EF9E3C00D1B68F /* TRApplicationGlue.h */ = {isa = PBXFileReference; fileEncoding = 4; lastKnownFileType = sourcecode.c.h; path = TRApplicationGlue.h; sourceTree = "<group>"; };
		B2FE6B5412EF9E3C00D1B68F /* TRApplicationGlue.m */ = {isa = PBXFileReference; fileEncoding = 4; lastKnownFileType = sourcecode.c.objc; path = TRApplicationGlue.m; sourceTree = "<group>"; };
		B2FE6B5512EF9E3C00D1B68F /* TRCommandGlue.h */ = {isa = PBXFileReference; fileEncoding = 4; lastKnownFileType = sourcecode.c.h; path = TRCommandGlue.h; sourceTree = "<group>"; };
		B2FE6B5612EF9E3C00D1B68F /* TRCommandGlue.m */ = {isa = PBXFileReference; fileEncoding = 4; lastKnownFileType = sourcecode.c.objc; path = TRCommandGlue.m; sourceTree = "<group>"; };
		B2FE6B5712EF9E3C00D1B68F /* TRConstantGlue.h */ = {isa = PBXFileReference; fileEncoding = 4; lastKnownFileType = sourcecode.c.h; path = TRConstantGlue.h; sourceTree = "<group>"; };
		B2FE6B5812EF9E3C00D1B68F /* TRConstantGlue.m */ = {isa = PBXFileReference; fileEncoding = 4; lastKnownFileType = sourcecode.c.objc; path = TRConstantGlue.m; sourceTree = "<group>"; };
		B2FE6B5912EF9E3C00D1B68F /* TRGlue.h */ = {isa = PBXFileReference; fileEncoding = 4; lastKnownFileType = sourcecode.c.h; path = TRGlue.h; sourceTree = "<group>"; };
		B2FE6B5A12EF9E3C00D1B68F /* TRReferenceGlue.h */ = {isa = PBXFileReference; fileEncoding = 4; lastKnownFileType = sourcecode.c.h; path = TRReferenceGlue.h; sourceTree = "<group>"; };
		B2FE6B5B12EF9E3C00D1B68F /* TRReferenceGlue.m */ = {isa = PBXFileReference; fileEncoding = 4; lastKnownFileType = sourcecode.c.objc; path = TRReferenceGlue.m; sourceTree = "<group>"; };
		B2FE6B5C12EF9E3C00D1B68F /* TRReferenceRendererGlue.h */ = {isa = PBXFileReference; fileEncoding = 4; lastKnownFileType = sourcecode.c.h; path = TRReferenceRendererGlue.h; sourceTree = "<group>"; };
		B2FE6B5D12EF9E3C00D1B68F /* TRReferenceRendererGlue.m */ = {isa = PBXFileReference; fileEncoding = 4; lastKnownFileType = sourcecode.c.objc; path = TRReferenceRendererGlue.m; sourceTree = "<group>"; };
		B2FE6C2112F0390B00D1B68F /* FinderTextMatePatch.h */ = {isa = PBXFileReference; fileEncoding = 4; lastKnownFileType = sourcecode.c.h; path = FinderTextMatePatch.h; sourceTree = "<group>"; };
		B2FE6C2212F0390B00D1B68F /* FinderTextMatePatch.m */ = {isa = PBXFileReference; fileEncoding = 4; lastKnownFileType = sourcecode.c.objc; path = FinderTextMatePatch.m; sourceTree = "<group>"; };
		B2FE6D2012F0B7F600D1B68F /* FinderPatch.png */ = {isa = PBXFileReference; lastKnownFileType = image.png; path = FinderPatch.png; sourceTree = "<group>"; };
		B2FE6D6812F0FB7200D1B68F /* NSTask+Simple.h */ = {isa = PBXFileReference; fileEncoding = 4; lastKnownFileType = sourcecode.c.h; path = "NSTask+Simple.h"; sourceTree = "<group>"; };
		B2FE6D6912F0FB7200D1B68F /* NSTask+Simple.m */ = {isa = PBXFileReference; fileEncoding = 4; lastKnownFileType = sourcecode.c.objc; path = "NSTask+Simple.m"; sourceTree = "<group>"; };
/* End PBXFileReference section */

/* Begin PBXFrameworksBuildPhase section */
		8D5B49B3048680CD000E48DA /* Frameworks */ = {
			isa = PBXFrameworksBuildPhase;
			buildActionMask = 2147483647;
			files = (
				8D5B49B4048680CD000E48DA /* Cocoa.framework in Frameworks */,
				B20A18D912F9A21C0050FD80 /* Appscript.framework in Frameworks */,
				B20A18FC12F9A5610050FD80 /* Appscript.framework in Frameworks */,
			);
			runOnlyForDeploymentPostprocessing = 0;
		};
/* End PBXFrameworksBuildPhase section */

/* Begin PBXGroup section */
		089C166AFE841209C02AAC07 /* FinderPatch */ = {
			isa = PBXGroup;
			children = (
				08FB77AFFE84173DC02AAC07 /* Classes */,
				32C88E010371C26100C91783 /* Other Sources */,
				089C167CFE841241C02AAC07 /* Resources */,
				089C1671FE841209C02AAC07 /* Frameworks and Libraries */,
				19C28FB8FE9D52D311CA2CBB /* Products */,
			);
			name = FinderPatch;
			sourceTree = "<group>";
		};
		089C1671FE841209C02AAC07 /* Frameworks and Libraries */ = {
			isa = PBXGroup;
			children = (
				089C1672FE841209C02AAC07 /* Foundation.framework */,
				1058C7ADFEA557BF11CA2CBB /* Cocoa.framework */,
				B20A18FB12F9A5610050FD80 /* Appscript.framework */,
			);
			name = "Frameworks and Libraries";
			sourceTree = "<group>";
		};
		089C167CFE841241C02AAC07 /* Resources */ = {
			isa = PBXGroup;
			children = (
				8D5B49B7048680CD000E48DA /* Info.plist */,
				B2FE6D2012F0B7F600D1B68F /* FinderPatch.png */,
			);
			name = Resources;
			sourceTree = "<group>";
		};
		08FB77AFFE84173DC02AAC07 /* Classes */ = {
			isa = PBXGroup;
			children = (
				B2648B4412FB22CC0075715C /* FinderPatchLoader.h */,
				B2648B4512FB22CC0075715C /* FinderPatchLoader.m */,
				B2648B5012FB23780075715C /* Parts */,
			);
			name = Classes;
			sourceTree = "<group>";
		};
		19C28FB8FE9D52D311CA2CBB /* Products */ = {
			isa = PBXGroup;
			children = (
				8D5B49B6048680CD000E48DA /* FinderPatch.bundle */,
			);
			name = Products;
			sourceTree = "<group>";
		};
		32C88E010371C26100C91783 /* Other Sources */ = {
			isa = PBXGroup;
			children = (
				B20A18CB12F9A2000050FD80 /* Appscript.xcodeproj */,
				B2FE615712ED86C800D1B68F /* FNGlue */,
				B2FE6B5112EF9E3C00D1B68F /* TRGlue */,
				B2FE5FF112ED78E500D1B68F /* NSArray+Additions */,
				B2FE6A9712EF696300D1B68F /* NSMenu+itemWithKeyEquivalent */,
				B2FE6D6712F0FB7200D1B68F /* NSTask+Simple */,
				32DBCF630370AF2F00C91783 /* FinderPatch_Prefix.pch */,
			);
			name = "Other Sources";
			sourceTree = "<group>";
		};
		B20A18CC12F9A2000050FD80 /* Products */ = {
			isa = PBXGroup;
			children = (
				B20A18D412F9A2000050FD80 /* Appscript.framework */,
				B20A18D612F9A2000050FD80 /* objc-appscript-test.octest */,
			);
			name = Products;
			sourceTree = "<group>";
		};
		B2648B5012FB23780075715C /* Parts */ = {
			isa = PBXGroup;
			children = (
				B2FE5FD012ED784400D1B68F /* FinderPatch.h */,
				B2FE5FD112ED784400D1B68F /* FinderPatch.m */,
				B2FE601C12ED7A0D00D1B68F /* FinderLabelPatch.h */,
				B2FE601D12ED7A0D00D1B68F /* FinderLabelPatch.m */,
				B2FE64F312ED8F3500D1B68F /* FinderTrashPatch.h */,
				B2FE64F412ED8F3500D1B68F /* FinderTrashPatch.m */,
				B2648C3412FB4D210075715C /* FinderLinkPatch.h */,
				B2648C3512FB4D210075715C /* FinderLinkPatch.m */,
				B264891512FA96990075715C /* FinderRenamePatch.h */,
				B264891612FA96990075715C /* FinderRenamePatch.m */,
				B2648BC712FB318B0075715C /* FinderRemoveEmptyDirsPatch.h */,
				B2648BC812FB318B0075715C /* FinderRemoveEmptyDirsPatch.m */,
				B2FE66ED12EEF49700D1B68F /* FinderTerminalPatch.h */,
				B2FE66EE12EEF49700D1B68F /* FinderTerminalPatch.m */,
				B2FE6C2112F0390B00D1B68F /* FinderTextMatePatch.h */,
				B2FE6C2212F0390B00D1B68F /* FinderTextMatePatch.m */,
				B20A1A7B12F9D1730050FD80 /* FinderOpenWithAppPatch.h */,
				B20A1A7C12F9D1730050FD80 /* FinderOpenWithAppPatch.m */,
			);
			name = Parts;
			sourceTree = "<group>";
		};
		B2FE5FF112ED78E500D1B68F /* NSArray+Additions */ = {
			isa = PBXGroup;
			children = (
				B2FE5FF212ED78E500D1B68F /* NSArray+Additions.h */,
				B2FE5FF312ED78E500D1B68F /* NSArray+Additions.m */,
			);
			path = "NSArray+Additions";
			sourceTree = "<group>";
		};
		B2FE615712ED86C800D1B68F /* FNGlue */ = {
			isa = PBXGroup;
			children = (
				B2FE615812ED86C800D1B68F /* FNAEMConstants.h */,
				B2FE615912ED86C800D1B68F /* FNApplicationGlue.h */,
				B2FE615A12ED86C800D1B68F /* FNApplicationGlue.m */,
				B2FE615B12ED86C800D1B68F /* FNCommandGlue.h */,
				B2FE615C12ED86C800D1B68F /* FNCommandGlue.m */,
				B2FE615D12ED86C800D1B68F /* FNConstantGlue.h */,
				B2FE615E12ED86C800D1B68F /* FNConstantGlue.m */,
				B2FE615F12ED86C800D1B68F /* FNGlue.h */,
				B2FE616012ED86C800D1B68F /* FNReferenceGlue.h */,
				B2FE616112ED86C800D1B68F /* FNReferenceGlue.m */,
				B2FE616212ED86C800D1B68F /* FNReferenceRendererGlue.h */,
				B2FE616312ED86C800D1B68F /* FNReferenceRendererGlue.m */,
			);
			path = FNGlue;
			sourceTree = "<group>";
		};
		B2FE6A9712EF696300D1B68F /* NSMenu+itemWithKeyEquivalent */ = {
			isa = PBXGroup;
			children = (
				B2FE6A9812EF696300D1B68F /* NSMenu+itemWithKeyEquivalent.h */,
				B2FE6A9912EF696300D1B68F /* NSMenu+itemWithKeyEquivalent.m */,
			);
			path = "NSMenu+itemWithKeyEquivalent";
			sourceTree = "<group>";
		};
		B2FE6B5112EF9E3C00D1B68F /* TRGlue */ = {
			isa = PBXGroup;
			children = (
				B2FE6B5212EF9E3C00D1B68F /* TRAEMConstants.h */,
				B2FE6B5312EF9E3C00D1B68F /* TRApplicationGlue.h */,
				B2FE6B5412EF9E3C00D1B68F /* TRApplicationGlue.m */,
				B2FE6B5512EF9E3C00D1B68F /* TRCommandGlue.h */,
				B2FE6B5612EF9E3C00D1B68F /* TRCommandGlue.m */,
				B2FE6B5712EF9E3C00D1B68F /* TRConstantGlue.h */,
				B2FE6B5812EF9E3C00D1B68F /* TRConstantGlue.m */,
				B2FE6B5912EF9E3C00D1B68F /* TRGlue.h */,
				B2FE6B5A12EF9E3C00D1B68F /* TRReferenceGlue.h */,
				B2FE6B5B12EF9E3C00D1B68F /* TRReferenceGlue.m */,
				B2FE6B5C12EF9E3C00D1B68F /* TRReferenceRendererGlue.h */,
				B2FE6B5D12EF9E3C00D1B68F /* TRReferenceRendererGlue.m */,
			);
			path = TRGlue;
			sourceTree = "<group>";
		};
		B2FE6D6712F0FB7200D1B68F /* NSTask+Simple */ = {
			isa = PBXGroup;
			children = (
				B2FE6D6812F0FB7200D1B68F /* NSTask+Simple.h */,
				B2FE6D6912F0FB7200D1B68F /* NSTask+Simple.m */,
			);
			path = "NSTask+Simple";
			sourceTree = "<group>";
		};
/* End PBXGroup section */

/* Begin PBXLegacyTarget section */
		B20A166D12F8756D0050FD80 /* Increment build version */ = {
			isa = PBXLegacyTarget;
			buildArgumentsString = "rake build:increment";
			buildConfigurationList = B20A167212F875A40050FD80 /* Build configuration list for PBXLegacyTarget "Increment build version" */;
			buildPhases = (
			);
			buildToolPath = /usr/bin/env;
			dependencies = (
			);
			name = "Increment build version";
			passBuildSettingsInEnvironment = 1;
			productName = "Increment build version";
		};
/* End PBXLegacyTarget section */

/* Begin PBXNativeTarget section */
		8D5B49AC048680CD000E48DA /* FinderPatch */ = {
			isa = PBXNativeTarget;
			buildConfigurationList = 1DEB913A08733D840010E9CD /* Build configuration list for PBXNativeTarget "FinderPatch" */;
			buildPhases = (
				B2FE6D2312F0B82F00D1B68F /* Copy Resources */,
				8D5B49B1048680CD000E48DA /* Sources */,
				8D5B49B3048680CD000E48DA /* Frameworks */,
				B20A18E012F9A2530050FD80 /* CopyFiles */,
				B2FE6C6E12F048B500D1B68F /* Unpack gems */,
				B2FE6CAC12F07C9300D1B68F /* Set icon */,
				B2FE654812ED9AB300D1B68F /* Create link to Plugins dir */,
				B2FE5FBB12ED778700D1B68F /* Restart Finder */,
			);
			buildRules = (
			);
			dependencies = (
				B20A167112F875860050FD80 /* PBXTargetDependency */,
				B20A18F012F9A4250050FD80 /* PBXTargetDependency */,
			);
			name = FinderPatch;
			productInstallPath = "$(HOME)/Library/Bundles";
			productName = FinderPatch;
			productReference = 8D5B49B6048680CD000E48DA /* FinderPatch.bundle */;
			productType = "com.apple.product-type.bundle";
		};
/* End PBXNativeTarget section */

/* Begin PBXProject section */
		089C1669FE841209C02AAC07 /* Project object */ = {
			isa = PBXProject;
			buildConfigurationList = 1DEB913E08733D840010E9CD /* Build configuration list for PBXProject "FinderPatch" */;
			compatibilityVersion = "Xcode 3.1";
			hasScannedForEncodings = 1;
			mainGroup = 089C166AFE841209C02AAC07 /* FinderPatch */;
			projectDirPath = "";
			projectReferences = (
				{
					ProductGroup = B20A18CC12F9A2000050FD80 /* Products */;
					ProjectRef = B20A18CB12F9A2000050FD80 /* Appscript.xcodeproj */;
				},
			);
			projectRoot = "";
			targets = (
				8D5B49AC048680CD000E48DA /* FinderPatch */,
				B20A166D12F8756D0050FD80 /* Increment build version */,
			);
		};
/* End PBXProject section */

/* Begin PBXReferenceProxy section */
		B20A18D412F9A2000050FD80 /* Appscript.framework */ = {
			isa = PBXReferenceProxy;
			fileType = wrapper.framework;
			path = Appscript.framework;
			remoteRef = B20A18D312F9A2000050FD80 /* PBXContainerItemProxy */;
			sourceTree = BUILT_PRODUCTS_DIR;
		};
		B20A18D612F9A2000050FD80 /* objc-appscript-test.octest */ = {
			isa = PBXReferenceProxy;
			fileType = wrapper.cfbundle;
			path = "objc-appscript-test.octest";
			remoteRef = B20A18D512F9A2000050FD80 /* PBXContainerItemProxy */;
			sourceTree = BUILT_PRODUCTS_DIR;
		};
/* End PBXReferenceProxy section */

/* Begin PBXShellScriptBuildPhase section */
		B2FE5FBB12ED778700D1B68F /* Restart Finder */ = {
			isa = PBXShellScriptBuildPhase;
			buildActionMask = 2147483647;
			files = (
			);
			inputPaths = (
			);
			name = "Restart Finder";
			outputPaths = (
			);
			runOnlyForDeploymentPostprocessing = 0;
			shellPath = /usr/bin/osascript;
			shellScript = "set appName to \"Finder\"\nif (system attribute \"NO_RESTART\") is equal to \"\" then\n\ttell application appName to quit\n\ttell application \"Console\" to activate\n\ttell application \"System Events\"\n\t\trepeat while (exists process appName)\n\t\t\tdelay 0.5\n\t\tend repeat\n\tend tell\n\ttell application appName to activate\nend if\n";
		};
		B2FE654812ED9AB300D1B68F /* Create link to Plugins dir */ = {
			isa = PBXShellScriptBuildPhase;
			buildActionMask = 2147483647;
			files = (
			);
			inputPaths = (
			);
			name = "Create link to Plugins dir";
			outputPaths = (
			);
			runOnlyForDeploymentPostprocessing = 0;
			shellPath = /bin/sh;
			shellScript = "ln -nfs \"$BUILT_PRODUCTS_DIR/$FULL_PRODUCT_NAME\" ~/Library/Application\\ Support/SIMBL/Plugins/\"$FULL_PRODUCT_NAME\"";
		};
		B2FE6C6E12F048B500D1B68F /* Unpack gems */ = {
			isa = PBXShellScriptBuildPhase;
			buildActionMask = 2147483647;
			files = (
			);
			inputPaths = (
			);
			name = "Unpack gems";
			outputPaths = (
			);
			runOnlyForDeploymentPostprocessing = 0;
			shellPath = /bin/sh;
			shellScript = "VENDOR_DIR=$TARGET_BUILD_DIR/$UNLOCALIZED_RESOURCES_FOLDER_PATH/vendor\nif [ -d $VENDOR_DIR ]\nthen\n \techo rm -r $VENDOR_DIR\n\trm -r $VENDOR_DIR\nfi\n/opt/local/bin/gem unpack mate plist --target=$VENDOR_DIR";
		};
		B2FE6CAC12F07C9300D1B68F /* Set icon */ = {
			isa = PBXShellScriptBuildPhase;
			buildActionMask = 2147483647;
			files = (
			);
			inputPaths = (
			);
			name = "Set icon";
			outputPaths = (
			);
			runOnlyForDeploymentPostprocessing = 0;
			shellPath = /bin/sh;
			shellScript = "ICON_NAME=\"FinderPatch.png\"\nSET_ICON_BIN=\"$TEMP_DIR/set_icon\"\nif [ ! -f $SET_ICON_BIN ]\nthen\n\techo 'building set_icon'\n\n\tSET_ICON_SRC=\"$TEMP_DIR/set_icon.m\"\n\tcat <<-SET_ICON_CODE > \"$SET_ICON_SRC\"\n\t\t#import <Foundation/Foundation.h>\n\t\t#import <AppKit/AppKit.h>\n\t\tint main (int argc, const char * argv[]) {\n\t\t\tint exitCode = 1;\n\t\t\tNSAutoreleasePool *pool = [[NSAutoreleasePool alloc] init];\n\t\t\tif (argc == 3) {\n\t\t\t\tNSString *imagePath = [NSString stringWithUTF8String:argv[2]];\n\t\t\t\tif (![[NSFileManager defaultManager] fileExistsAtPath:imagePath]) {\n\t\t\t\t\tNSLog(@\"Image file doesn't exist\");\n\t\t\t\t} else {\n\t\t\t\t\tNSImage *img = [[NSImage alloc] initWithContentsOfFile:imagePath];\n\t\t\t\t\tif (!img) {\n\t\t\t\t\t\tNSLog(@\"Can't read image properly\");\n\t\t\t\t\t} else {\n\t\t\t\t\t\tNSString *itemPath = [NSString stringWithUTF8String:argv[1]];\n\t\t\t\t\t\tif (![[NSFileManager defaultManager] fileExistsAtPath:itemPath]) {\n\t\t\t\t\t\t\tNSLog(@\"File to set icon on doesn't exist\");\n\t\t\t\t\t\t} else {\n\t\t\t\t\t\t\tif (![[NSWorkspace sharedWorkspace] setIcon:img forFile:itemPath options:0]) {\n\t\t\t\t\t\t\t\tNSLog(@\"Can't set icon\");\n\t\t\t\t\t\t\t} else {\n\t\t\t\t\t\t\t\texitCode = 0;\n\t\t\t\t\t\t\t}\n\t\t\t\t\t\t}\n\t\t\t\t\t}\n\t\t\t\t}\n\t\t\t} else {\n\t\t\t\tprintf(\"set_icon file img - set icon\\n\");\n\t\t\t}\n\t\t\t[pool drain];\n\t\t\treturn exitCode;\n\t\t}\n\tSET_ICON_CODE\n\n\tgcc -framework Foundation -framework AppKit -o \"$SET_ICON_BIN\" \"$SET_ICON_SRC\"\nfi\n$SET_ICON_BIN \"$BUILT_PRODUCTS_DIR/$FULL_PRODUCT_NAME\" \"$SOURCE_ROOT/$ICON_NAME\"\n";
		};
/* End PBXShellScriptBuildPhase section */

/* Begin PBXSourcesBuildPhase section */
		8D5B49B1048680CD000E48DA /* Sources */ = {
			isa = PBXSourcesBuildPhase;
			buildActionMask = 2147483647;
			files = (
				B2FE5FF412ED78E500D1B68F /* NSArray+Additions.m in Sources */,
				B2FE6A9A12EF696300D1B68F /* NSMenu+itemWithKeyEquivalent.m in Sources */,
				B2FE6D6A12F0FB7200D1B68F /* NSTask+Simple.m in Sources */,
				B2FE616412ED86C800D1B68F /* FNApplicationGlue.m in Sources */,
				B2FE616512ED86C800D1B68F /* FNCommandGlue.m in Sources */,
				B2FE616612ED86C800D1B68F /* FNConstantGlue.m in Sources */,
				B2FE616712ED86C800D1B68F /* FNReferenceGlue.m in Sources */,
				B2FE616812ED86C800D1B68F /* FNReferenceRendererGlue.m in Sources */,
				B2FE6B5E12EF9E3C00D1B68F /* TRApplicationGlue.m in Sources */,
				B2FE6B5F12EF9E3C00D1B68F /* TRCommandGlue.m in Sources */,
				B2FE6B6012EF9E3C00D1B68F /* TRConstantGlue.m in Sources */,
				B2FE6B6112EF9E3C00D1B68F /* TRReferenceGlue.m in Sources */,
				B2FE6B6212EF9E3C00D1B68F /* TRReferenceRendererGlue.m in Sources */,
				B2FE5FD212ED784400D1B68F /* FinderPatch.m in Sources */,
				B2FE601E12ED7A0D00D1B68F /* FinderLabelPatch.m in Sources */,
				B2FE64F512ED8F3500D1B68F /* FinderTrashPatch.m in Sources */,
				B264891712FA96990075715C /* FinderRenamePatch.m in Sources */,
				B2FE66EF12EEF49700D1B68F /* FinderTerminalPatch.m in Sources */,
				B2FE6C2312F0390B00D1B68F /* FinderTextMatePatch.m in Sources */,
				B20A1A7D12F9D1730050FD80 /* FinderOpenWithAppPatch.m in Sources */,
				B2648B4612FB22CC0075715C /* FinderPatchLoader.m in Sources */,
				B2648BC912FB318B0075715C /* FinderRemoveEmptyDirsPatch.m in Sources */,
				B2648C3612FB4D210075715C /* FinderLinkPatch.m in Sources */,
			);
			runOnlyForDeploymentPostprocessing = 0;
		};
/* End PBXSourcesBuildPhase section */

/* Begin PBXTargetDependency section */
		B20A167112F875860050FD80 /* PBXTargetDependency */ = {
			isa = PBXTargetDependency;
			target = B20A166D12F8756D0050FD80 /* Increment build version */;
			targetProxy = B20A167012F875860050FD80 /* PBXContainerItemProxy */;
		};
		B20A18F012F9A4250050FD80 /* PBXTargetDependency */ = {
			isa = PBXTargetDependency;
			name = Appscript;
			targetProxy = B20A18EF12F9A4250050FD80 /* PBXContainerItemProxy */;
		};
/* End PBXTargetDependency section */

/* Begin XCBuildConfiguration section */
		1DEB913B08733D840010E9CD /* Debug */ = {
			isa = XCBuildConfiguration;
			buildSettings = {
				ALWAYS_SEARCH_USER_PATHS = NO;
				COPY_PHASE_STRIP = NO;
				FRAMEWORK_SEARCH_PATHS = (
					"$(inherited)",
					"\"$(SRCROOT)/Appscript/build/Release_10.5_32_64_GC_embed\"",
				);
				GCC_DYNAMIC_NO_PIC = NO;
				GCC_ENABLE_FIX_AND_CONTINUE = YES;
				GCC_MODEL_TUNING = G5;
				GCC_OPTIMIZATION_LEVEL = 0;
				GCC_PRECOMPILE_PREFIX_HEADER = YES;
				GCC_PREFIX_HEADER = FinderPatch_Prefix.pch;
				INFOPLIST_FILE = Info.plist;
				INSTALL_PATH = "$(HOME)/Library/Bundles";
				PRODUCT_NAME = FinderPatch;
				WRAPPER_EXTENSION = bundle;
			};
			name = Debug;
		};
		1DEB913C08733D840010E9CD /* Release */ = {
			isa = XCBuildConfiguration;
			buildSettings = {
				ALWAYS_SEARCH_USER_PATHS = NO;
				DEBUG_INFORMATION_FORMAT = "dwarf-with-dsym";
				FRAMEWORK_SEARCH_PATHS = (
					"$(inherited)",
					"\"$(SRCROOT)/Appscript/build/Release_10.5_32_64_GC_embed\"",
				);
				GCC_MODEL_TUNING = G5;
				GCC_PRECOMPILE_PREFIX_HEADER = YES;
				GCC_PREFIX_HEADER = FinderPatch_Prefix.pch;
				INFOPLIST_FILE = Info.plist;
				INSTALL_PATH = "$(HOME)/Library/Bundles";
				PRODUCT_NAME = FinderPatch;
				WRAPPER_EXTENSION = bundle;
			};
			name = Release;
		};
		1DEB913F08733D840010E9CD /* Debug */ = {
			isa = XCBuildConfiguration;
			buildSettings = {
				ARCHS = "$(ARCHS_STANDARD_32_64_BIT)";
				GCC_C_LANGUAGE_STANDARD = gnu99;
				GCC_OPTIMIZATION_LEVEL = 0;
				GCC_WARN_ABOUT_RETURN_TYPE = YES;
				GCC_WARN_UNUSED_VARIABLE = YES;
				ONLY_ACTIVE_ARCH = YES;
				PREBINDING = NO;
				SDKROOT = macosx10.6;
				VALID_ARCHS = "i386 x86_64";
			};
			name = Debug;
		};
		1DEB914008733D840010E9CD /* Release */ = {
			isa = XCBuildConfiguration;
			buildSettings = {
				ARCHS = "$(ARCHS_STANDARD_32_64_BIT)";
				GCC_C_LANGUAGE_STANDARD = gnu99;
				GCC_WARN_ABOUT_RETURN_TYPE = YES;
				GCC_WARN_UNUSED_VARIABLE = YES;
				PREBINDING = NO;
				SDKROOT = macosx10.6;
				VALID_ARCHS = "i386 x86_64";
			};
			name = Release;
		};
		B20A166E12F8756D0050FD80 /* Debug */ = {
			isa = XCBuildConfiguration;
			buildSettings = {
				COPY_PHASE_STRIP = NO;
				GCC_DYNAMIC_NO_PIC = NO;
				GCC_OPTIMIZATION_LEVEL = 0;
				PRODUCT_NAME = "Increment build version";
			};
			name = Debug;
		};
		B20A166F12F8756D0050FD80 /* Release */ = {
			isa = XCBuildConfiguration;
			buildSettings = {
				COPY_PHASE_STRIP = YES;
				DEBUG_INFORMATION_FORMAT = "dwarf-with-dsym";
				GCC_ENABLE_FIX_AND_CONTINUE = NO;
				PRODUCT_NAME = "Increment build version";
				ZERO_LINK = NO;
			};
			name = Release;
		};
/* End XCBuildConfiguration section */

/* Begin XCConfigurationList section */
		1DEB913A08733D840010E9CD /* Build configuration list for PBXNativeTarget "FinderPatch" */ = {
			isa = XCConfigurationList;
			buildConfigurations = (
				1DEB913B08733D840010E9CD /* Debug */,
				1DEB913C08733D840010E9CD /* Release */,
			);
			defaultConfigurationIsVisible = 0;
			defaultConfigurationName = Release;
		};
		1DEB913E08733D840010E9CD /* Build configuration list for PBXProject "FinderPatch" */ = {
			isa = XCConfigurationList;
			buildConfigurations = (
				1DEB913F08733D840010E9CD /* Debug */,
				1DEB914008733D840010E9CD /* Release */,
			);
			defaultConfigurationIsVisible = 0;
			defaultConfigurationName = Release;
		};
		B20A167212F875A40050FD80 /* Build configuration list for PBXLegacyTarget "Increment build version" */ = {
			isa = XCConfigurationList;
			buildConfigurations = (
				B20A166E12F8756D0050FD80 /* Debug */,
				B20A166F12F8756D0050FD80 /* Release */,
			);
			defaultConfigurationIsVisible = 0;
			defaultConfigurationName = Release;
		};
/* End XCConfigurationList section */
	};
	rootObject = 089C1669FE841209C02AAC07 /* Project object */;
}
