// !$*UTF8*$!
{
	archiveVersion = 1;
	classes = {
	};
	objectVersion = 45;
	objects = {

/* Begin PBXBuildFile section */
		8D5B49B4048680CD000E48DA /* Cocoa.framework in Frameworks */ = {isa = PBXBuildFile; fileRef = 1058C7ADFEA557BF11CA2CBB /* Cocoa.framework */; };
		B2FE5FD212ED784400D1B68F /* FinderPatch.m in Sources */ = {isa = PBXBuildFile; fileRef = B2FE5FD112ED784400D1B68F /* FinderPatch.m */; };
		B2FE5FF412ED78E500D1B68F /* NSArray+Additions.m in Sources */ = {isa = PBXBuildFile; fileRef = B2FE5FF312ED78E500D1B68F /* NSArray+Additions.m */; };
		B2FE601E12ED7A0D00D1B68F /* FinderLabelPatch.m in Sources */ = {isa = PBXBuildFile; fileRef = B2FE601D12ED7A0D00D1B68F /* FinderLabelPatch.m */; };
		B2FE616412ED86C800D1B68F /* FNApplicationGlue.m in Sources */ = {isa = PBXBuildFile; fileRef = B2FE615A12ED86C800D1B68F /* FNApplicationGlue.m */; };
		B2FE616512ED86C800D1B68F /* FNCommandGlue.m in Sources */ = {isa = PBXBuildFile; fileRef = B2FE615C12ED86C800D1B68F /* FNCommandGlue.m */; };
		B2FE616612ED86C800D1B68F /* FNConstantGlue.m in Sources */ = {isa = PBXBuildFile; fileRef = B2FE615E12ED86C800D1B68F /* FNConstantGlue.m */; };
		B2FE616712ED86C800D1B68F /* FNReferenceGlue.m in Sources */ = {isa = PBXBuildFile; fileRef = B2FE616112ED86C800D1B68F /* FNReferenceGlue.m */; };
		B2FE616812ED86C800D1B68F /* FNReferenceRendererGlue.m in Sources */ = {isa = PBXBuildFile; fileRef = B2FE616312ED86C800D1B68F /* FNReferenceRendererGlue.m */; };
		B2FE64A712ED8E0D00D1B68F /* appdata.m in Sources */ = {isa = PBXBuildFile; fileRef = B2FE646112ED8E0C00D1B68F /* appdata.m */; };
		B2FE64A812ED8E0D00D1B68F /* application.m in Sources */ = {isa = PBXBuildFile; fileRef = B2FE646312ED8E0C00D1B68F /* application.m */; };
		B2FE64A912ED8E0D00D1B68F /* base.m in Sources */ = {isa = PBXBuildFile; fileRef = B2FE646A12ED8E0C00D1B68F /* base.m */; };
		B2FE64AA12ED8E0D00D1B68F /* bridgedata.m in Sources */ = {isa = PBXBuildFile; fileRef = B2FE646C12ED8E0C00D1B68F /* bridgedata.m */; };
		B2FE64BB12ED8E0D00D1B68F /* codecs.m in Sources */ = {isa = PBXBuildFile; fileRef = B2FE648512ED8E0C00D1B68F /* codecs.m */; };
		B2FE64BC12ED8E0D00D1B68F /* command.m in Sources */ = {isa = PBXBuildFile; fileRef = B2FE648712ED8E0C00D1B68F /* command.m */; };
		B2FE64BD12ED8E0D00D1B68F /* constant.m in Sources */ = {isa = PBXBuildFile; fileRef = B2FE648912ED8E0C00D1B68F /* constant.m */; };
		B2FE64BF12ED8E0D00D1B68F /* event.m in Sources */ = {isa = PBXBuildFile; fileRef = B2FE648D12ED8E0C00D1B68F /* event.m */; };
		B2FE64C212ED8E0D00D1B68F /* objectrenderer.m in Sources */ = {isa = PBXBuildFile; fileRef = B2FE649112ED8E0C00D1B68F /* objectrenderer.m */; };
		B2FE64C312ED8E0D00D1B68F /* parser.m in Sources */ = {isa = PBXBuildFile; fileRef = B2FE649312ED8E0C00D1B68F /* parser.m */; };
		B2FE64C412ED8E0D00D1B68F /* reference.m in Sources */ = {isa = PBXBuildFile; fileRef = B2FE649512ED8E0C00D1B68F /* reference.m */; };
		B2FE64C512ED8E0D00D1B68F /* referencerenderer.m in Sources */ = {isa = PBXBuildFile; fileRef = B2FE649712ED8E0C00D1B68F /* referencerenderer.m */; };
		B2FE64C612ED8E0D00D1B68F /* sendthreadsafe.c in Sources */ = {isa = PBXBuildFile; fileRef = B2FE649812ED8E0C00D1B68F /* sendthreadsafe.c */; };
		B2FE64C712ED8E0D00D1B68F /* specifier.m in Sources */ = {isa = PBXBuildFile; fileRef = B2FE649B12ED8E0C00D1B68F /* specifier.m */; };
		B2FE64C812ED8E0D00D1B68F /* terminology.m in Sources */ = {isa = PBXBuildFile; fileRef = B2FE649D12ED8E0C00D1B68F /* terminology.m */; };
		B2FE64C912ED8E0D00D1B68F /* test.m in Sources */ = {isa = PBXBuildFile; fileRef = B2FE649F12ED8E0D00D1B68F /* test.m */; };
		B2FE64CA12ED8E0D00D1B68F /* types.m in Sources */ = {isa = PBXBuildFile; fileRef = B2FE64A112ED8E0D00D1B68F /* types.m */; };
		B2FE64CB12ED8E0D00D1B68F /* unittype.m in Sources */ = {isa = PBXBuildFile; fileRef = B2FE64A312ED8E0D00D1B68F /* unittype.m */; };
		B2FE64CC12ED8E0D00D1B68F /* utils.m in Sources */ = {isa = PBXBuildFile; fileRef = B2FE64A512ED8E0D00D1B68F /* utils.m */; };
		B2FE64F512ED8F3500D1B68F /* FinderTrashPatch.m in Sources */ = {isa = PBXBuildFile; fileRef = B2FE64F412ED8F3500D1B68F /* FinderTrashPatch.m */; };
		B2FE66EF12EEF49700D1B68F /* FinderTerminalPatch.m in Sources */ = {isa = PBXBuildFile; fileRef = B2FE66EE12EEF49700D1B68F /* FinderTerminalPatch.m */; };
/* End PBXBuildFile section */

/* Begin PBXFileReference section */
		089C1672FE841209C02AAC07 /* Foundation.framework */ = {isa = PBXFileReference; lastKnownFileType = wrapper.framework; name = Foundation.framework; path = /System/Library/Frameworks/Foundation.framework; sourceTree = "<absolute>"; };
		1058C7ADFEA557BF11CA2CBB /* Cocoa.framework */ = {isa = PBXFileReference; lastKnownFileType = wrapper.framework; name = Cocoa.framework; path = /System/Library/Frameworks/Cocoa.framework; sourceTree = "<absolute>"; };
		32DBCF630370AF2F00C91783 /* FinderPatch_Prefix.pch */ = {isa = PBXFileReference; fileEncoding = 4; lastKnownFileType = sourcecode.c.h; path = FinderPatch_Prefix.pch; sourceTree = "<group>"; };
		8D5B49B6048680CD000E48DA /* FinderPatch.bundle */ = {isa = PBXFileReference; explicitFileType = wrapper.cfbundle; includeInIndex = 0; path = FinderPatch.bundle; sourceTree = BUILT_PRODUCTS_DIR; };
		8D5B49B7048680CD000E48DA /* Info.plist */ = {isa = PBXFileReference; fileEncoding = 4; lastKnownFileType = text.plist.xml; path = Info.plist; sourceTree = "<group>"; };
		B2FE5FD012ED784400D1B68F /* FinderPatch.h */ = {isa = PBXFileReference; fileEncoding = 4; lastKnownFileType = sourcecode.c.h; path = FinderPatch.h; sourceTree = "<group>"; };
		B2FE5FD112ED784400D1B68F /* FinderPatch.m */ = {isa = PBXFileReference; fileEncoding = 4; lastKnownFileType = sourcecode.c.objc; path = FinderPatch.m; sourceTree = "<group>"; };
		B2FE5FF212ED78E500D1B68F /* NSArray+Additions.h */ = {isa = PBXFileReference; fileEncoding = 4; lastKnownFileType = sourcecode.c.h; path = "NSArray+Additions.h"; sourceTree = "<group>"; };
		B2FE5FF312ED78E500D1B68F /* NSArray+Additions.m */ = {isa = PBXFileReference; fileEncoding = 4; lastKnownFileType = sourcecode.c.objc; path = "NSArray+Additions.m"; sourceTree = "<group>"; };
		B2FE601C12ED7A0D00D1B68F /* FinderLabelPatch.h */ = {isa = PBXFileReference; fileEncoding = 4; lastKnownFileType = sourcecode.c.h; path = FinderLabelPatch.h; sourceTree = "<group>"; };
		B2FE601D12ED7A0D00D1B68F /* FinderLabelPatch.m */ = {isa = PBXFileReference; fileEncoding = 4; lastKnownFileType = sourcecode.c.objc; path = FinderLabelPatch.m; sourceTree = "<group>"; };
		B2FE615812ED86C800D1B68F /* FNAEMConstants.h */ = {isa = PBXFileReference; fileEncoding = 4; lastKnownFileType = sourcecode.c.h; path = FNAEMConstants.h; sourceTree = "<group>"; };
		B2FE615912ED86C800D1B68F /* FNApplicationGlue.h */ = {isa = PBXFileReference; fileEncoding = 4; lastKnownFileType = sourcecode.c.h; path = FNApplicationGlue.h; sourceTree = "<group>"; };
		B2FE615A12ED86C800D1B68F /* FNApplicationGlue.m */ = {isa = PBXFileReference; fileEncoding = 4; lastKnownFileType = sourcecode.c.objc; path = FNApplicationGlue.m; sourceTree = "<group>"; };
		B2FE615B12ED86C800D1B68F /* FNCommandGlue.h */ = {isa = PBXFileReference; fileEncoding = 4; lastKnownFileType = sourcecode.c.h; path = FNCommandGlue.h; sourceTree = "<group>"; };
		B2FE615C12ED86C800D1B68F /* FNCommandGlue.m */ = {isa = PBXFileReference; fileEncoding = 4; lastKnownFileType = sourcecode.c.objc; path = FNCommandGlue.m; sourceTree = "<group>"; };
		B2FE615D12ED86C800D1B68F /* FNConstantGlue.h */ = {isa = PBXFileReference; fileEncoding = 4; lastKnownFileType = sourcecode.c.h; path = FNConstantGlue.h; sourceTree = "<group>"; };
		B2FE615E12ED86C800D1B68F /* FNConstantGlue.m */ = {isa = PBXFileReference; fileEncoding = 4; lastKnownFileType = sourcecode.c.objc; path = FNConstantGlue.m; sourceTree = "<group>"; };
		B2FE615F12ED86C800D1B68F /* FNGlue.h */ = {isa = PBXFileReference; fileEncoding = 4; lastKnownFileType = sourcecode.c.h; path = FNGlue.h; sourceTree = "<group>"; };
		B2FE616012ED86C800D1B68F /* FNReferenceGlue.h */ = {isa = PBXFileReference; fileEncoding = 4; lastKnownFileType = sourcecode.c.h; path = FNReferenceGlue.h; sourceTree = "<group>"; };
		B2FE616112ED86C800D1B68F /* FNReferenceGlue.m */ = {isa = PBXFileReference; fileEncoding = 4; lastKnownFileType = sourcecode.c.objc; path = FNReferenceGlue.m; sourceTree = "<group>"; };
		B2FE616212ED86C800D1B68F /* FNReferenceRendererGlue.h */ = {isa = PBXFileReference; fileEncoding = 4; lastKnownFileType = sourcecode.c.h; path = FNReferenceRendererGlue.h; sourceTree = "<group>"; };
		B2FE616312ED86C800D1B68F /* FNReferenceRendererGlue.m */ = {isa = PBXFileReference; fileEncoding = 4; lastKnownFileType = sourcecode.c.objc; path = FNReferenceRendererGlue.m; sourceTree = "<group>"; };
		B2FE646012ED8E0C00D1B68F /* appdata.h */ = {isa = PBXFileReference; fileEncoding = 4; lastKnownFileType = sourcecode.c.h; path = appdata.h; sourceTree = "<group>"; };
		B2FE646112ED8E0C00D1B68F /* appdata.m */ = {isa = PBXFileReference; fileEncoding = 4; lastKnownFileType = sourcecode.c.objc; path = appdata.m; sourceTree = "<group>"; };
		B2FE646212ED8E0C00D1B68F /* application.h */ = {isa = PBXFileReference; fileEncoding = 4; lastKnownFileType = sourcecode.c.h; path = application.h; sourceTree = "<group>"; };
		B2FE646312ED8E0C00D1B68F /* application.m */ = {isa = PBXFileReference; fileEncoding = 4; lastKnownFileType = sourcecode.c.objc; path = application.m; sourceTree = "<group>"; };
		B2FE646412ED8E0C00D1B68F /* Appscript.h */ = {isa = PBXFileReference; fileEncoding = 4; lastKnownFileType = sourcecode.c.h; path = Appscript.h; sourceTree = "<group>"; };
		B2FE646812ED8E0C00D1B68F /* Appscript_Prefix.pch */ = {isa = PBXFileReference; fileEncoding = 4; lastKnownFileType = sourcecode.c.h; path = Appscript_Prefix.pch; sourceTree = "<group>"; };
		B2FE646912ED8E0C00D1B68F /* base.h */ = {isa = PBXFileReference; fileEncoding = 4; lastKnownFileType = sourcecode.c.h; path = base.h; sourceTree = "<group>"; };
		B2FE646A12ED8E0C00D1B68F /* base.m */ = {isa = PBXFileReference; fileEncoding = 4; lastKnownFileType = sourcecode.c.objc; path = base.m; sourceTree = "<group>"; };
		B2FE646B12ED8E0C00D1B68F /* bridgedata.h */ = {isa = PBXFileReference; fileEncoding = 4; lastKnownFileType = sourcecode.c.h; path = bridgedata.h; sourceTree = "<group>"; };
		B2FE646C12ED8E0C00D1B68F /* bridgedata.m */ = {isa = PBXFileReference; fileEncoding = 4; lastKnownFileType = sourcecode.c.objc; path = bridgedata.m; sourceTree = "<group>"; };
		B2FE648412ED8E0C00D1B68F /* codecs.h */ = {isa = PBXFileReference; fileEncoding = 4; lastKnownFileType = sourcecode.c.h; path = codecs.h; sourceTree = "<group>"; };
		B2FE648512ED8E0C00D1B68F /* codecs.m */ = {isa = PBXFileReference; fileEncoding = 4; lastKnownFileType = sourcecode.c.objc; path = codecs.m; sourceTree = "<group>"; };
		B2FE648612ED8E0C00D1B68F /* command.h */ = {isa = PBXFileReference; fileEncoding = 4; lastKnownFileType = sourcecode.c.h; path = command.h; sourceTree = "<group>"; };
		B2FE648712ED8E0C00D1B68F /* command.m */ = {isa = PBXFileReference; fileEncoding = 4; lastKnownFileType = sourcecode.c.objc; path = command.m; sourceTree = "<group>"; };
		B2FE648812ED8E0C00D1B68F /* constant.h */ = {isa = PBXFileReference; fileEncoding = 4; lastKnownFileType = sourcecode.c.h; path = constant.h; sourceTree = "<group>"; };
		B2FE648912ED8E0C00D1B68F /* constant.m */ = {isa = PBXFileReference; fileEncoding = 4; lastKnownFileType = sourcecode.c.objc; path = constant.m; sourceTree = "<group>"; };
		B2FE648C12ED8E0C00D1B68F /* event.h */ = {isa = PBXFileReference; fileEncoding = 4; lastKnownFileType = sourcecode.c.h; path = event.h; sourceTree = "<group>"; };
		B2FE648D12ED8E0C00D1B68F /* event.m */ = {isa = PBXFileReference; fileEncoding = 4; lastKnownFileType = sourcecode.c.objc; path = event.m; sourceTree = "<group>"; };
		B2FE649012ED8E0C00D1B68F /* objectrenderer.h */ = {isa = PBXFileReference; fileEncoding = 4; lastKnownFileType = sourcecode.c.h; path = objectrenderer.h; sourceTree = "<group>"; };
		B2FE649112ED8E0C00D1B68F /* objectrenderer.m */ = {isa = PBXFileReference; fileEncoding = 4; lastKnownFileType = sourcecode.c.objc; path = objectrenderer.m; sourceTree = "<group>"; };
		B2FE649212ED8E0C00D1B68F /* parser.h */ = {isa = PBXFileReference; fileEncoding = 4; lastKnownFileType = sourcecode.c.h; path = parser.h; sourceTree = "<group>"; };
		B2FE649312ED8E0C00D1B68F /* parser.m */ = {isa = PBXFileReference; fileEncoding = 4; lastKnownFileType = sourcecode.c.objc; path = parser.m; sourceTree = "<group>"; };
		B2FE649412ED8E0C00D1B68F /* reference.h */ = {isa = PBXFileReference; fileEncoding = 4; lastKnownFileType = sourcecode.c.h; path = reference.h; sourceTree = "<group>"; };
		B2FE649512ED8E0C00D1B68F /* reference.m */ = {isa = PBXFileReference; fileEncoding = 4; lastKnownFileType = sourcecode.c.objc; path = reference.m; sourceTree = "<group>"; };
		B2FE649612ED8E0C00D1B68F /* referencerenderer.h */ = {isa = PBXFileReference; fileEncoding = 4; lastKnownFileType = sourcecode.c.h; path = referencerenderer.h; sourceTree = "<group>"; };
		B2FE649712ED8E0C00D1B68F /* referencerenderer.m */ = {isa = PBXFileReference; fileEncoding = 4; lastKnownFileType = sourcecode.c.objc; path = referencerenderer.m; sourceTree = "<group>"; };
		B2FE649812ED8E0C00D1B68F /* sendthreadsafe.c */ = {isa = PBXFileReference; fileEncoding = 4; lastKnownFileType = sourcecode.c.c; path = sendthreadsafe.c; sourceTree = "<group>"; };
		B2FE649912ED8E0C00D1B68F /* sendthreadsafe.h */ = {isa = PBXFileReference; fileEncoding = 4; lastKnownFileType = sourcecode.c.h; path = sendthreadsafe.h; sourceTree = "<group>"; };
		B2FE649A12ED8E0C00D1B68F /* specifier.h */ = {isa = PBXFileReference; fileEncoding = 4; lastKnownFileType = sourcecode.c.h; path = specifier.h; sourceTree = "<group>"; };
		B2FE649B12ED8E0C00D1B68F /* specifier.m */ = {isa = PBXFileReference; fileEncoding = 4; lastKnownFileType = sourcecode.c.objc; path = specifier.m; sourceTree = "<group>"; };
		B2FE649C12ED8E0C00D1B68F /* terminology.h */ = {isa = PBXFileReference; fileEncoding = 4; lastKnownFileType = sourcecode.c.h; path = terminology.h; sourceTree = "<group>"; };
		B2FE649D12ED8E0C00D1B68F /* terminology.m */ = {isa = PBXFileReference; fileEncoding = 4; lastKnownFileType = sourcecode.c.objc; path = terminology.m; sourceTree = "<group>"; };
		B2FE649E12ED8E0D00D1B68F /* test.h */ = {isa = PBXFileReference; fileEncoding = 4; lastKnownFileType = sourcecode.c.h; path = test.h; sourceTree = "<group>"; };
		B2FE649F12ED8E0D00D1B68F /* test.m */ = {isa = PBXFileReference; fileEncoding = 4; lastKnownFileType = sourcecode.c.objc; path = test.m; sourceTree = "<group>"; };
		B2FE64A012ED8E0D00D1B68F /* types.h */ = {isa = PBXFileReference; fileEncoding = 4; lastKnownFileType = sourcecode.c.h; path = types.h; sourceTree = "<group>"; };
		B2FE64A112ED8E0D00D1B68F /* types.m */ = {isa = PBXFileReference; fileEncoding = 4; lastKnownFileType = sourcecode.c.objc; path = types.m; sourceTree = "<group>"; };
		B2FE64A212ED8E0D00D1B68F /* unittype.h */ = {isa = PBXFileReference; fileEncoding = 4; lastKnownFileType = sourcecode.c.h; path = unittype.h; sourceTree = "<group>"; };
		B2FE64A312ED8E0D00D1B68F /* unittype.m */ = {isa = PBXFileReference; fileEncoding = 4; lastKnownFileType = sourcecode.c.objc; path = unittype.m; sourceTree = "<group>"; };
		B2FE64A412ED8E0D00D1B68F /* utils.h */ = {isa = PBXFileReference; fileEncoding = 4; lastKnownFileType = sourcecode.c.h; path = utils.h; sourceTree = "<group>"; };
		B2FE64A512ED8E0D00D1B68F /* utils.m */ = {isa = PBXFileReference; fileEncoding = 4; lastKnownFileType = sourcecode.c.objc; path = utils.m; sourceTree = "<group>"; };
		B2FE64F312ED8F3500D1B68F /* FinderTrashPatch.h */ = {isa = PBXFileReference; fileEncoding = 4; lastKnownFileType = sourcecode.c.h; path = FinderTrashPatch.h; sourceTree = "<group>"; };
		B2FE64F412ED8F3500D1B68F /* FinderTrashPatch.m */ = {isa = PBXFileReference; fileEncoding = 4; lastKnownFileType = sourcecode.c.objc; path = FinderTrashPatch.m; sourceTree = "<group>"; };
		B2FE66ED12EEF49700D1B68F /* FinderTerminalPatch.h */ = {isa = PBXFileReference; fileEncoding = 4; lastKnownFileType = sourcecode.c.h; path = FinderTerminalPatch.h; sourceTree = "<group>"; };
		B2FE66EE12EEF49700D1B68F /* FinderTerminalPatch.m */ = {isa = PBXFileReference; fileEncoding = 4; lastKnownFileType = sourcecode.c.objc; path = FinderTerminalPatch.m; sourceTree = "<group>"; };
/* End PBXFileReference section */

/* Begin PBXFrameworksBuildPhase section */
		8D5B49B3048680CD000E48DA /* Frameworks */ = {
			isa = PBXFrameworksBuildPhase;
			buildActionMask = 2147483647;
			files = (
				8D5B49B4048680CD000E48DA /* Cocoa.framework in Frameworks */,
			);
			runOnlyForDeploymentPostprocessing = 0;
		};
/* End PBXFrameworksBuildPhase section */

/* Begin PBXGroup section */
		089C166AFE841209C02AAC07 /* FinderPatch */ = {
			isa = PBXGroup;
			children = (
				08FB77AFFE84173DC02AAC07 /* Classes */,
				32C88E010371C26100C91783 /* Other Sources */,
				089C167CFE841241C02AAC07 /* Resources */,
				089C1671FE841209C02AAC07 /* Frameworks and Libraries */,
				19C28FB8FE9D52D311CA2CBB /* Products */,
			);
			name = FinderPatch;
			sourceTree = "<group>";
		};
		089C1671FE841209C02AAC07 /* Frameworks and Libraries */ = {
			isa = PBXGroup;
			children = (
				089C1672FE841209C02AAC07 /* Foundation.framework */,
				1058C7ADFEA557BF11CA2CBB /* Cocoa.framework */,
			);
			name = "Frameworks and Libraries";
			sourceTree = "<group>";
		};
		089C167CFE841241C02AAC07 /* Resources */ = {
			isa = PBXGroup;
			children = (
				8D5B49B7048680CD000E48DA /* Info.plist */,
			);
			name = Resources;
			sourceTree = "<group>";
		};
		08FB77AFFE84173DC02AAC07 /* Classes */ = {
			isa = PBXGroup;
			children = (
				B2FE5FD012ED784400D1B68F /* FinderPatch.h */,
				B2FE5FD112ED784400D1B68F /* FinderPatch.m */,
				B2FE601C12ED7A0D00D1B68F /* FinderLabelPatch.h */,
				B2FE601D12ED7A0D00D1B68F /* FinderLabelPatch.m */,
				B2FE64F312ED8F3500D1B68F /* FinderTrashPatch.h */,
				B2FE64F412ED8F3500D1B68F /* FinderTrashPatch.m */,
				B2FE66ED12EEF49700D1B68F /* FinderTerminalPatch.h */,
				B2FE66EE12EEF49700D1B68F /* FinderTerminalPatch.m */,
			);
			name = Classes;
			sourceTree = "<group>";
		};
		19C28FB8FE9D52D311CA2CBB /* Products */ = {
			isa = PBXGroup;
			children = (
				8D5B49B6048680CD000E48DA /* FinderPatch.bundle */,
			);
			name = Products;
			sourceTree = "<group>";
		};
		32C88E010371C26100C91783 /* Other Sources */ = {
			isa = PBXGroup;
			children = (
				B2FE5FF112ED78E500D1B68F /* NSArray+Additions */,
				B2FE645D12ED8E0C00D1B68F /* Appscript */,
				B2FE615712ED86C800D1B68F /* FNGlue */,
				32DBCF630370AF2F00C91783 /* FinderPatch_Prefix.pch */,
			);
			name = "Other Sources";
			sourceTree = "<group>";
		};
		B2FE5FF112ED78E500D1B68F /* NSArray+Additions */ = {
			isa = PBXGroup;
			children = (
				B2FE5FF212ED78E500D1B68F /* NSArray+Additions.h */,
				B2FE5FF312ED78E500D1B68F /* NSArray+Additions.m */,
			);
			path = "NSArray+Additions";
			sourceTree = "<group>";
		};
		B2FE615712ED86C800D1B68F /* FNGlue */ = {
			isa = PBXGroup;
			children = (
				B2FE615812ED86C800D1B68F /* FNAEMConstants.h */,
				B2FE615912ED86C800D1B68F /* FNApplicationGlue.h */,
				B2FE615A12ED86C800D1B68F /* FNApplicationGlue.m */,
				B2FE615B12ED86C800D1B68F /* FNCommandGlue.h */,
				B2FE615C12ED86C800D1B68F /* FNCommandGlue.m */,
				B2FE615D12ED86C800D1B68F /* FNConstantGlue.h */,
				B2FE615E12ED86C800D1B68F /* FNConstantGlue.m */,
				B2FE615F12ED86C800D1B68F /* FNGlue.h */,
				B2FE616012ED86C800D1B68F /* FNReferenceGlue.h */,
				B2FE616112ED86C800D1B68F /* FNReferenceGlue.m */,
				B2FE616212ED86C800D1B68F /* FNReferenceRendererGlue.h */,
				B2FE616312ED86C800D1B68F /* FNReferenceRendererGlue.m */,
			);
			path = FNGlue;
			sourceTree = "<group>";
		};
		B2FE645D12ED8E0C00D1B68F /* Appscript */ = {
			isa = PBXGroup;
			children = (
				B2FE646012ED8E0C00D1B68F /* appdata.h */,
				B2FE646112ED8E0C00D1B68F /* appdata.m */,
				B2FE646212ED8E0C00D1B68F /* application.h */,
				B2FE646312ED8E0C00D1B68F /* application.m */,
				B2FE646412ED8E0C00D1B68F /* Appscript.h */,
				B2FE646812ED8E0C00D1B68F /* Appscript_Prefix.pch */,
				B2FE646912ED8E0C00D1B68F /* base.h */,
				B2FE646A12ED8E0C00D1B68F /* base.m */,
				B2FE646B12ED8E0C00D1B68F /* bridgedata.h */,
				B2FE646C12ED8E0C00D1B68F /* bridgedata.m */,
				B2FE648412ED8E0C00D1B68F /* codecs.h */,
				B2FE648512ED8E0C00D1B68F /* codecs.m */,
				B2FE648612ED8E0C00D1B68F /* command.h */,
				B2FE648712ED8E0C00D1B68F /* command.m */,
				B2FE648812ED8E0C00D1B68F /* constant.h */,
				B2FE648912ED8E0C00D1B68F /* constant.m */,
				B2FE648C12ED8E0C00D1B68F /* event.h */,
				B2FE648D12ED8E0C00D1B68F /* event.m */,
				B2FE649012ED8E0C00D1B68F /* objectrenderer.h */,
				B2FE649112ED8E0C00D1B68F /* objectrenderer.m */,
				B2FE649212ED8E0C00D1B68F /* parser.h */,
				B2FE649312ED8E0C00D1B68F /* parser.m */,
				B2FE649412ED8E0C00D1B68F /* reference.h */,
				B2FE649512ED8E0C00D1B68F /* reference.m */,
				B2FE649612ED8E0C00D1B68F /* referencerenderer.h */,
				B2FE649712ED8E0C00D1B68F /* referencerenderer.m */,
				B2FE649812ED8E0C00D1B68F /* sendthreadsafe.c */,
				B2FE649912ED8E0C00D1B68F /* sendthreadsafe.h */,
				B2FE649A12ED8E0C00D1B68F /* specifier.h */,
				B2FE649B12ED8E0C00D1B68F /* specifier.m */,
				B2FE649C12ED8E0C00D1B68F /* terminology.h */,
				B2FE649D12ED8E0C00D1B68F /* terminology.m */,
				B2FE649E12ED8E0D00D1B68F /* test.h */,
				B2FE649F12ED8E0D00D1B68F /* test.m */,
				B2FE64A012ED8E0D00D1B68F /* types.h */,
				B2FE64A112ED8E0D00D1B68F /* types.m */,
				B2FE64A212ED8E0D00D1B68F /* unittype.h */,
				B2FE64A312ED8E0D00D1B68F /* unittype.m */,
				B2FE64A412ED8E0D00D1B68F /* utils.h */,
				B2FE64A512ED8E0D00D1B68F /* utils.m */,
			);
			path = Appscript;
			sourceTree = "<group>";
		};
/* End PBXGroup section */

/* Begin PBXNativeTarget section */
		8D5B49AC048680CD000E48DA /* FinderPatch */ = {
			isa = PBXNativeTarget;
			buildConfigurationList = 1DEB913A08733D840010E9CD /* Build configuration list for PBXNativeTarget "FinderPatch" */;
			buildPhases = (
				8D5B49B1048680CD000E48DA /* Sources */,
				8D5B49B3048680CD000E48DA /* Frameworks */,
				B2FE654812ED9AB300D1B68F /* Create link to Plugins dir */,
				B2FE5FBB12ED778700D1B68F /* Restart Finder */,
			);
			buildRules = (
			);
			dependencies = (
			);
			name = FinderPatch;
			productInstallPath = "$(HOME)/Library/Bundles";
			productName = FinderPatch;
			productReference = 8D5B49B6048680CD000E48DA /* FinderPatch.bundle */;
			productType = "com.apple.product-type.bundle";
		};
/* End PBXNativeTarget section */

/* Begin PBXProject section */
		089C1669FE841209C02AAC07 /* Project object */ = {
			isa = PBXProject;
			buildConfigurationList = 1DEB913E08733D840010E9CD /* Build configuration list for PBXProject "FinderPatch" */;
			compatibilityVersion = "Xcode 3.1";
			hasScannedForEncodings = 1;
			mainGroup = 089C166AFE841209C02AAC07 /* FinderPatch */;
			projectDirPath = "";
			projectRoot = "";
			targets = (
				8D5B49AC048680CD000E48DA /* FinderPatch */,
			);
		};
/* End PBXProject section */

/* Begin PBXShellScriptBuildPhase section */
		B2FE5FBB12ED778700D1B68F /* Restart Finder */ = {
			isa = PBXShellScriptBuildPhase;
			buildActionMask = 2147483647;
			files = (
			);
			inputPaths = (
			);
			name = "Restart Finder";
			outputPaths = (
			);
			runOnlyForDeploymentPostprocessing = 0;
			shellPath = /usr/bin/osascript;
			shellScript = "tell application \"Finder\" to quit\ntell application \"Console\" to activate\ndo shell script \"open -b com.apple.finder\"";
		};
		B2FE654812ED9AB300D1B68F /* Create link to Plugins dir */ = {
			isa = PBXShellScriptBuildPhase;
			buildActionMask = 2147483647;
			files = (
			);
			inputPaths = (
			);
			name = "Create link to Plugins dir";
			outputPaths = (
			);
			runOnlyForDeploymentPostprocessing = 0;
			shellPath = /bin/sh;
			shellScript = "ln -nfs \"$BUILT_PRODUCTS_DIR/$FULL_PRODUCT_NAME\" ~/Library/Application\\ Support/SIMBL/Plugins/\"$FULL_PRODUCT_NAME\"";
		};
/* End PBXShellScriptBuildPhase section */

/* Begin PBXSourcesBuildPhase section */
		8D5B49B1048680CD000E48DA /* Sources */ = {
			isa = PBXSourcesBuildPhase;
			buildActionMask = 2147483647;
			files = (
				B2FE5FD212ED784400D1B68F /* FinderPatch.m in Sources */,
				B2FE5FF412ED78E500D1B68F /* NSArray+Additions.m in Sources */,
				B2FE601E12ED7A0D00D1B68F /* FinderLabelPatch.m in Sources */,
				B2FE616412ED86C800D1B68F /* FNApplicationGlue.m in Sources */,
				B2FE616512ED86C800D1B68F /* FNCommandGlue.m in Sources */,
				B2FE616612ED86C800D1B68F /* FNConstantGlue.m in Sources */,
				B2FE616712ED86C800D1B68F /* FNReferenceGlue.m in Sources */,
				B2FE616812ED86C800D1B68F /* FNReferenceRendererGlue.m in Sources */,
				B2FE64A712ED8E0D00D1B68F /* appdata.m in Sources */,
				B2FE64A812ED8E0D00D1B68F /* application.m in Sources */,
				B2FE64A912ED8E0D00D1B68F /* base.m in Sources */,
				B2FE64AA12ED8E0D00D1B68F /* bridgedata.m in Sources */,
				B2FE64BB12ED8E0D00D1B68F /* codecs.m in Sources */,
				B2FE64BC12ED8E0D00D1B68F /* command.m in Sources */,
				B2FE64BD12ED8E0D00D1B68F /* constant.m in Sources */,
				B2FE64BF12ED8E0D00D1B68F /* event.m in Sources */,
				B2FE64C212ED8E0D00D1B68F /* objectrenderer.m in Sources */,
				B2FE64C312ED8E0D00D1B68F /* parser.m in Sources */,
				B2FE64C412ED8E0D00D1B68F /* reference.m in Sources */,
				B2FE64C512ED8E0D00D1B68F /* referencerenderer.m in Sources */,
				B2FE64C612ED8E0D00D1B68F /* sendthreadsafe.c in Sources */,
				B2FE64C712ED8E0D00D1B68F /* specifier.m in Sources */,
				B2FE64C812ED8E0D00D1B68F /* terminology.m in Sources */,
				B2FE64C912ED8E0D00D1B68F /* test.m in Sources */,
				B2FE64CA12ED8E0D00D1B68F /* types.m in Sources */,
				B2FE64CB12ED8E0D00D1B68F /* unittype.m in Sources */,
				B2FE64CC12ED8E0D00D1B68F /* utils.m in Sources */,
				B2FE64F512ED8F3500D1B68F /* FinderTrashPatch.m in Sources */,
				B2FE66EF12EEF49700D1B68F /* FinderTerminalPatch.m in Sources */,
			);
			runOnlyForDeploymentPostprocessing = 0;
		};
/* End PBXSourcesBuildPhase section */

/* Begin XCBuildConfiguration section */
		1DEB913B08733D840010E9CD /* Debug */ = {
			isa = XCBuildConfiguration;
			buildSettings = {
				ALWAYS_SEARCH_USER_PATHS = NO;
				COPY_PHASE_STRIP = NO;
				GCC_DYNAMIC_NO_PIC = NO;
				GCC_ENABLE_FIX_AND_CONTINUE = YES;
				GCC_MODEL_TUNING = G5;
				GCC_OPTIMIZATION_LEVEL = 0;
				GCC_PRECOMPILE_PREFIX_HEADER = YES;
				GCC_PREFIX_HEADER = FinderPatch_Prefix.pch;
				INFOPLIST_FILE = Info.plist;
				INSTALL_PATH = "$(HOME)/Library/Bundles";
				PRODUCT_NAME = FinderPatch;
				WRAPPER_EXTENSION = bundle;
			};
			name = Debug;
		};
		1DEB913C08733D840010E9CD /* Release */ = {
			isa = XCBuildConfiguration;
			buildSettings = {
				ALWAYS_SEARCH_USER_PATHS = NO;
				DEBUG_INFORMATION_FORMAT = "dwarf-with-dsym";
				GCC_MODEL_TUNING = G5;
				GCC_PRECOMPILE_PREFIX_HEADER = YES;
				GCC_PREFIX_HEADER = FinderPatch_Prefix.pch;
				INFOPLIST_FILE = Info.plist;
				INSTALL_PATH = "$(HOME)/Library/Bundles";
				PRODUCT_NAME = FinderPatch;
				WRAPPER_EXTENSION = bundle;
			};
			name = Release;
		};
		1DEB913F08733D840010E9CD /* Debug */ = {
			isa = XCBuildConfiguration;
			buildSettings = {
				ARCHS = "$(ARCHS_STANDARD_32_64_BIT)";
				GCC_C_LANGUAGE_STANDARD = gnu99;
				GCC_OPTIMIZATION_LEVEL = 0;
				GCC_WARN_ABOUT_RETURN_TYPE = YES;
				GCC_WARN_UNUSED_VARIABLE = YES;
				ONLY_ACTIVE_ARCH = YES;
				PREBINDING = NO;
				SDKROOT = macosx10.6;
				VALID_ARCHS = "i386 x86_64";
			};
			name = Debug;
		};
		1DEB914008733D840010E9CD /* Release */ = {
			isa = XCBuildConfiguration;
			buildSettings = {
				ARCHS = "$(ARCHS_STANDARD_32_64_BIT)";
				GCC_C_LANGUAGE_STANDARD = gnu99;
				GCC_WARN_ABOUT_RETURN_TYPE = YES;
				GCC_WARN_UNUSED_VARIABLE = YES;
				PREBINDING = NO;
				SDKROOT = macosx10.6;
				VALID_ARCHS = "i386 x86_64";
			};
			name = Release;
		};
/* End XCBuildConfiguration section */

/* Begin XCConfigurationList section */
		1DEB913A08733D840010E9CD /* Build configuration list for PBXNativeTarget "FinderPatch" */ = {
			isa = XCConfigurationList;
			buildConfigurations = (
				1DEB913B08733D840010E9CD /* Debug */,
				1DEB913C08733D840010E9CD /* Release */,
			);
			defaultConfigurationIsVisible = 0;
			defaultConfigurationName = Release;
		};
		1DEB913E08733D840010E9CD /* Build configuration list for PBXProject "FinderPatch" */ = {
			isa = XCConfigurationList;
			buildConfigurations = (
				1DEB913F08733D840010E9CD /* Debug */,
				1DEB914008733D840010E9CD /* Release */,
			);
			defaultConfigurationIsVisible = 0;
			defaultConfigurationName = Release;
		};
/* End XCConfigurationList section */
	};
	rootObject = 089C1669FE841209C02AAC07 /* Project object */;
}
